{
  "meteor": {},
  "dependencies": {
    "basePackages": {
      "bootstrap-datepicker2": {},
      "bootstrap-timepicker": {},
      "bootstrap-datetimepicker": {},
      "bootstrap-3-timepicker": {},
      "roles": {}
    },
    "packages": {
      "bootstrap-datepicker2": {
        "git": "https://github.com/deepwell/meteor-bootstrap-datepicker.git",
        "tag": "v1.2.0",
        "commit": "b7de18a7cc651ea665cda75048663f90d1a11d10"
      },
      "bootstrap-timepicker": {
        "git": "https://github.com/BenjaminRH/meteor-bootstrap-timepicker.git",
        "tag": "v0.1.0",
        "commit": "fa61edb82752e5c682dbaafd5412f4d29f8b72e0"
      },
      "bootstrap-datetimepicker": {
        "git": "https://github.com/Elfoslav/bootstrap-datetimepicker.git",
        "tag": "v0.0.6",
        "commit": "728e5d603c377652e6909e180358364c46ce95ff"
      },
      "bootstrap-3-timepicker": {
        "git": "https://github.com/ianserlin/meteor-bootstrap-timepicker.git",
        "tag": "v0.2.5",
        "commit": "12dd7c5dd0e67f0f307e7c5aefed74777be808f1"
      },
      "roles": {
        "git": "https://github.com/alanning/meteor-roles.git",
        "tag": "v1.2.8",
        "commit": "68844ba216c348d332bdb840825850f497f515bb"
      }
    }
  }
}
